<?xml version="1.0" encoding="utf-8"?>
<Project ToolsVersion="4.0" xmlns="http://schemas.microsoft.com/developer/msbuild/2003">
  <ItemGroup>
    <Filter Include="Source Files">
      <UniqueIdentifier>{1cc01eb1-61df-4e6d-8749-9b904042eac6}</UniqueIdentifier>
      <Extensions>cpp;c;cxx;rc;def;r;odl;idl;hpj;bat</Extensions>
    </Filter>
    <Filter Include="Header Files">
      <UniqueIdentifier>{b0fa7ce2-dd15-4505-974c-4239b7701b30}</UniqueIdentifier>
      <Extensions>h;hpp;hxx;hm;inl</Extensions>
    </Filter>
    <Filter Include="Resource Files">
      <UniqueIdentifier>{e1413823-4c19-4851-95a6-d8f84ebf1c6d}</UniqueIdentifier>
      <Extensions>ico;cur;bmp;dlg;rc2;rct;bin;rgs;gif;jpg;jpeg;jpe</Extensions>
    </Filter>
  </ItemGroup>
  <ItemGroup>
    <ClCompile Include="maze.cpp">
      <Filter>Source Files</Filter>
    </ClCompile>
    <ClCompile Include="MazeMap.cpp">
      <Filter>Source Files</Filter>
    </ClCompile>
    <ClCompile Include="MazePerson.cpp">
      <Filter>Source Files</Filter>
    </ClCompile>
    <ClCompile Include="MyMazeMap.cpp">
      <Filter>Source Files</Filter>
    </ClCompile>
    <ClCompile Include="MyMazer.cpp">
      <Filter>Source Files</Filter>
    </ClCompile>
  </ItemGroup>
  <ItemGroup>
    <ClInclude Include="MazeMap.h">
      <Filter>Header Files</Filter>
    </ClInclude>
    <ClInclude Include="MazePerson.h">
      <Filter>Header Files</Filter>
    </ClInclude>
    <ClInclude Include="MyMazeMap.H">
      <Filter>Header Files</Filter>
    </ClInclude>
    <ClInclude Include="MyMazer.H">
      <Filter>Header Files</Filter>
    </ClInclude>
    <ClInclude Include="Public.H">
      <Filter>Header Files</Filter>
    </ClInclude>
  </ItemGroup>
</Project>